
Microsoft Visual Studio Solution File, Format Version 12.00
# Visual Studio Version 17
VisualStudioVersion = 17.10.35004.147
MinimumVisualStudioVersion = 10.0.40219.1
Project("{9A19103F-16F7-4668-BE54-9A1E7A4F7556}") = "RESTfulNetCoreWebAPI-TicketList", "RESTfulNetCoreWebAPI-TicketList\RESTfulNetCoreWebAPI-TicketList.csproj", "{BFF3CD75-4A52-4D08-B2DA-3E3C4CE94D19}"
EndProject
Project("{9A19103F-16F7-4668-BE54-9A1E7A4F7556}") = "RESTfulNetCoreWebAPI-TicketList.Tests.MSTest", "RESTfulNetCoreWebAPI-TicketList.Tests.MSTest\RESTfulNetCoreWebAPI-TicketList.Tests.MSTest.csproj", "{B89EDB74-FA24-47C4-AF46-4329777AA495}"
EndProject
Project("{2150E333-8FDC-42A3-9474-1A3956D46DE8}") = "Solution Items", "Solution Items", "{F8797991-08E8-4C85-97CC-48D509270BA1}"
	ProjectSection(SolutionItems) = preProject
		.editorconfig = .editorconfig
	EndProjectSection
EndProject
Global
	GlobalSection(SolutionConfigurationPlatforms) = preSolution
		Debug|Any CPU = Debug|Any CPU
		Release|Any CPU = Release|Any CPU
	EndGlobalSection
	GlobalSection(ProjectConfigurationPlatforms) = postSolution
		{BFF3CD75-4A52-4D08-B2DA-3E3C4CE94D19}.Debug|Any CPU.ActiveCfg = Debug|Any CPU
		{BFF3CD75-4A52-4D08-B2DA-3E3C4CE94D19}.Debug|Any CPU.Build.0 = Debug|Any CPU
		{BFF3CD75-4A52-4D08-B2DA-3E3C4CE94D19}.Release|Any CPU.ActiveCfg = Release|Any CPU
		{BFF3CD75-4A52-4D08-B2DA-3E3C4CE94D19}.Release|Any CPU.Build.0 = Release|Any CPU
		{B89EDB74-FA24-47C4-AF46-4329777AA495}.Debug|Any CPU.ActiveCfg = Debug|Any CPU
		{B89EDB74-FA24-47C4-AF46-4329777AA495}.Debug|Any CPU.Build.0 = Debug|Any CPU
		{B89EDB74-FA24-47C4-AF46-4329777AA495}.Release|Any CPU.ActiveCfg = Release|Any CPU
		{B89EDB74-FA24-47C4-AF46-4329777AA495}.Release|Any CPU.Build.0 = Release|Any CPU
	EndGlobalSection
	GlobalSection(SolutionProperties) = preSolution
		HideSolutionNode = FALSE
	EndGlobalSection
	GlobalSection(ExtensibilityGlobals) = postSolution
		SolutionGuid = {420C815C-E32F-4D6A-BB74-48ECF859AAE4}
	EndGlobalSection
EndGlobal
